// !$*UTF8*$!
{
	archiveVersion = 1;
	classes = {
	};
	objectVersion = 56;
	objects = {

/* Begin PBXBuildFile section */
		3677EBA92BEF4EC600A6D646 /* AppDelegate.swift in Sources */ = {isa = PBXBuildFile; fileRef = 3677EBA82BEF4EC600A6D646 /* AppDelegate.swift */; };
		3677EBAB2BEF4EC600A6D646 /* SceneDelegate.swift in Sources */ = {isa = PBXBuildFile; fileRef = 3677EBAA2BEF4EC600A6D646 /* SceneDelegate.swift */; };
		3677EBAD2BEF4EC600A6D646 /* VenueListViewController.swift in Sources */ = {isa = PBXBuildFile; fileRef = 3677EBAC2BEF4EC600A6D646 /* VenueListViewController.swift */; };
		3677EBB02BEF4EC600A6D646 /* Base in Resources */ = {isa = PBXBuildFile; fileRef = 3677EBAF2BEF4EC600A6D646 /* Base */; };
		3677EBB32BEF4EC600A6D646 /* Nearby_App.xcdatamodeld in Sources */ = {isa = PBXBuildFile; fileRef = 3677EBB12BEF4EC600A6D646 /* Nearby_App.xcdatamodeld */; };
		3677EBB52BEF4EC900A6D646 /* Assets.xcassets in Resources */ = {isa = PBXBuildFile; fileRef = 3677EBB42BEF4EC900A6D646 /* Assets.xcassets */; };
		3677EBB82BEF4EC900A6D646 /* Base in Resources */ = {isa = PBXBuildFile; fileRef = 3677EBB72BEF4EC900A6D646 /* Base */; };
		3677EBC02BEF505600A6D646 /* VenueModel.swift in Sources */ = {isa = PBXBuildFile; fileRef = 3677EBBF2BEF505600A6D646 /* VenueModel.swift */; };
		3677EBC52BEF53FF00A6D646 /* VenueTableViewCell.xib in Resources */ = {isa = PBXBuildFile; fileRef = 3677EBC42BEF53FF00A6D646 /* VenueTableViewCell.xib */; };
		3677EBC62BEF53FF00A6D646 /* VenueTableViewCell.swift in Sources */ = {isa = PBXBuildFile; fileRef = 3677EBC32BEF53FF00A6D646 /* VenueTableViewCell.swift */; };
		3677EBC82BEF570900A6D646 /* APIManager.swift in Sources */ = {isa = PBXBuildFile; fileRef = 3677EBC72BEF570900A6D646 /* APIManager.swift */; };
		3677EBCC2BEF5DEE00A6D646 /* VenueViewModel.swift in Sources */ = {isa = PBXBuildFile; fileRef = 3677EBCB2BEF5DEE00A6D646 /* VenueViewModel.swift */; };
		3677EBCF2BEF608900A6D646 /* Constants.swift in Sources */ = {isa = PBXBuildFile; fileRef = 3677EBCE2BEF608900A6D646 /* Constants.swift */; };
/* End PBXBuildFile section */

/* Begin PBXFileReference section */
		3677EBA52BEF4EC600A6D646 /* Nearby App.app */ = {isa = PBXFileReference; explicitFileType = wrapper.application; includeInIndex = 0; path = "Nearby App.app"; sourceTree = BUILT_PRODUCTS_DIR; };
		3677EBA82BEF4EC600A6D646 /* AppDelegate.swift */ = {isa = PBXFileReference; lastKnownFileType = sourcecode.swift; path = AppDelegate.swift; sourceTree = "<group>"; };
		3677EBAA2BEF4EC600A6D646 /* SceneDelegate.swift */ = {isa = PBXFileReference; lastKnownFileType = sourcecode.swift; path = SceneDelegate.swift; sourceTree = "<group>"; };
		3677EBAC2BEF4EC600A6D646 /* VenueListViewController.swift */ = {isa = PBXFileReference; lastKnownFileType = sourcecode.swift; path = VenueListViewController.swift; sourceTree = "<group>"; };
		3677EBAF2BEF4EC600A6D646 /* Base */ = {isa = PBXFileReference; lastKnownFileType = file.storyboard; name = Base; path = Base.lproj/Main.storyboard; sourceTree = "<group>"; };
		3677EBB22BEF4EC600A6D646 /* Nearby_App.xcdatamodel */ = {isa = PBXFileReference; lastKnownFileType = wrapper.xcdatamodel; path = Nearby_App.xcdatamodel; sourceTree = "<group>"; };
		3677EBB42BEF4EC900A6D646 /* Assets.xcassets */ = {isa = PBXFileReference; lastKnownFileType = folder.assetcatalog; path = Assets.xcassets; sourceTree = "<group>"; };
		3677EBB72BEF4EC900A6D646 /* Base */ = {isa = PBXFileReference; lastKnownFileType = file.storyboard; name = Base; path = Base.lproj/LaunchScreen.storyboard; sourceTree = "<group>"; };
		3677EBB92BEF4EC900A6D646 /* Info.plist */ = {isa = PBXFileReference; lastKnownFileType = text.plist.xml; path = Info.plist; sourceTree = "<group>"; };
		3677EBBF2BEF505600A6D646 /* VenueModel.swift */ = {isa = PBXFileReference; lastKnownFileType = sourcecode.swift; path = VenueModel.swift; sourceTree = "<group>"; };
		3677EBC32BEF53FF00A6D646 /* VenueTableViewCell.swift */ = {isa = PBXFileReference; lastKnownFileType = sourcecode.swift; path = VenueTableViewCell.swift; sourceTree = "<group>"; };
		3677EBC42BEF53FF00A6D646 /* VenueTableViewCell.xib */ = {isa = PBXFileReference; lastKnownFileType = file.xib; path = VenueTableViewCell.xib; sourceTree = "<group>"; };
		3677EBC72BEF570900A6D646 /* APIManager.swift */ = {isa = PBXFileReference; lastKnownFileType = sourcecode.swift; path = APIManager.swift; sourceTree = "<group>"; };
		3677EBCB2BEF5DEE00A6D646 /* VenueViewModel.swift */ = {isa = PBXFileReference; lastKnownFileType = sourcecode.swift; path = VenueViewModel.swift; sourceTree = "<group>"; };
		3677EBCE2BEF608900A6D646 /* Constants.swift */ = {isa = PBXFileReference; lastKnownFileType = sourcecode.swift; path = Constants.swift; sourceTree = "<group>"; };
/* End PBXFileReference section */

/* Begin PBXFrameworksBuildPhase section */
		3677EBA22BEF4EC600A6D646 /* Frameworks */ = {
			isa = PBXFrameworksBuildPhase;
			buildActionMask = 2147483647;
			files = (
			);
			runOnlyForDeploymentPostprocessing = 0;
		};
/* End PBXFrameworksBuildPhase section */

/* Begin PBXGroup section */
		3677EB9C2BEF4EC600A6D646 = {
			isa = PBXGroup;
			children = (
				3677EBA72BEF4EC600A6D646 /* Nearby App */,
				3677EBA62BEF4EC600A6D646 /* Products */,
			);
			sourceTree = "<group>";
		};
		3677EBA62BEF4EC600A6D646 /* Products */ = {
			isa = PBXGroup;
			children = (
				3677EBA52BEF4EC600A6D646 /* Nearby App.app */,
			);
			name = Products;
			sourceTree = "<group>";
		};
		3677EBA72BEF4EC600A6D646 /* Nearby App */ = {
			isa = PBXGroup;
			children = (
				3677EBA82BEF4EC600A6D646 /* AppDelegate.swift */,
				3677EBAA2BEF4EC600A6D646 /* SceneDelegate.swift */,
				3677EBC92BEF5DBE00A6D646 /* Utility */,
				3677EBC12BEF50FD00A6D646 /* Model */,
				3677EBCA2BEF5DD700A6D646 /* ViewModel */,
				3677EBC22BEF533600A6D646 /* View */,
				3677EBAE2BEF4EC600A6D646 /* Main.storyboard */,
				3677EBB42BEF4EC900A6D646 /* Assets.xcassets */,
				3677EBB62BEF4EC900A6D646 /* LaunchScreen.storyboard */,
				3677EBB92BEF4EC900A6D646 /* Info.plist */,
				3677EBB12BEF4EC600A6D646 /* Nearby_App.xcdatamodeld */,
			);
			path = "Nearby App";
			sourceTree = "<group>";
		};
		3677EBC12BEF50FD00A6D646 /* Model */ = {
			isa = PBXGroup;
			children = (
				3677EBBF2BEF505600A6D646 /* VenueModel.swift */,
			);
			path = Model;
			sourceTree = "<group>";
		};
		3677EBC22BEF533600A6D646 /* View */ = {
			isa = PBXGroup;
			children = (
				3677EBAC2BEF4EC600A6D646 /* VenueListViewController.swift */,
				3677EBC32BEF53FF00A6D646 /* VenueTableViewCell.swift */,
				3677EBC42BEF53FF00A6D646 /* VenueTableViewCell.xib */,
			);
			path = View;
			sourceTree = "<group>";
		};
		3677EBC92BEF5DBE00A6D646 /* Utility */ = {
			isa = PBXGroup;
			children = (
				3677EBC72BEF570900A6D646 /* APIManager.swift */,
				3677EBCE2BEF608900A6D646 /* Constants.swift */,
			);
			path = Utility;
			sourceTree = "<group>";
		};
		3677EBCA2BEF5DD700A6D646 /* ViewModel */ = {
			isa = PBXGroup;
			children = (
				3677EBCB2BEF5DEE00A6D646 /* VenueViewModel.swift */,
			);
			path = ViewModel;
			sourceTree = "<group>";
		};
/* End PBXGroup section */

/* Begin PBXNativeTarget section */
		3677EBA42BEF4EC600A6D646 /* Nearby App */ = {
			isa = PBXNativeTarget;
			buildConfigurationList = 3677EBBC2BEF4EC900A6D646 /* Build configuration list for PBXNativeTarget "Nearby App" */;
			buildPhases = (
				3677EBA12BEF4EC600A6D646 /* Sources */,
				3677EBA22BEF4EC600A6D646 /* Frameworks */,
				3677EBA32BEF4EC600A6D646 /* Resources */,
			);
			buildRules = (
			);
			dependencies = (
			);
			name = "Nearby App";
			productName = "Nearby App";
			productReference = 3677EBA52BEF4EC600A6D646 /* Nearby App.app */;
			productType = "com.apple.product-type.application";
		};
/* End PBXNativeTarget section */

/* Begin PBXProject section */
		3677EB9D2BEF4EC600A6D646 /* Project object */ = {
			isa = PBXProject;
			attributes = {
				BuildIndependentTargetsInParallel = 1;
				LastSwiftUpdateCheck = 1530;
				LastUpgradeCheck = 1530;
				TargetAttributes = {
					3677EBA42BEF4EC600A6D646 = {
						CreatedOnToolsVersion = 15.3;
					};
				};
			};
			buildConfigurationList = 3677EBA02BEF4EC600A6D646 /* Build configuration list for PBXProject "Nearby App" */;
			compatibilityVersion = "Xcode 14.0";
			developmentRegion = en;
			hasScannedForEncodings = 0;
			knownRegions = (
				en,
				Base,
			);
			mainGroup = 3677EB9C2BEF4EC600A6D646;
			productRefGroup = 3677EBA62BEF4EC600A6D646 /* Products */;
			projectDirPath = "";
			projectRoot = "";
			targets = (
				3677EBA42BEF4EC600A6D646 /* Nearby App */,
			);
		};
/* End PBXProject section */

/* Begin PBXResourcesBuildPhase section */
		3677EBA32BEF4EC600A6D646 /* Resources */ = {
			isa = PBXResourcesBuildPhase;
			buildActionMask = 2147483647;
			files = (
				3677EBB52BEF4EC900A6D646 /* Assets.xcassets in Resources */,
				3677EBC52BEF53FF00A6D646 /* VenueTableViewCell.xib in Resources */,
				3677EBB82BEF4EC900A6D646 /* Base in Resources */,
				3677EBB02BEF4EC600A6D646 /* Base in Resources */,
			);
			runOnlyForDeploymentPostprocessing = 0;
		};
/* End PBXResourcesBuildPhase section */

/* Begin PBXSourcesBuildPhase section */
		3677EBA12BEF4EC600A6D646 /* Sources */ = {
			isa = PBXSourcesBuildPhase;
			buildActionMask = 2147483647;
			files = (
				3677EBB32BEF4EC600A6D646 /* Nearby_App.xcdatamodeld in Sources */,
				3677EBAD2BEF4EC600A6D646 /* VenueListViewController.swift in Sources */,
				3677EBC02BEF505600A6D646 /* VenueModel.swift in Sources */,
				3677EBC62BEF53FF00A6D646 /* VenueTableViewCell.swift in Sources */,
				3677EBA92BEF4EC600A6D646 /* AppDelegate.swift in Sources */,
				3677EBAB2BEF4EC600A6D646 /* SceneDelegate.swift in Sources */,
				3677EBCC2BEF5DEE00A6D646 /* VenueViewModel.swift in Sources */,
				3677EBC82BEF570900A6D646 /* APIManager.swift in Sources */,
				3677EBCF2BEF608900A6D646 /* Constants.swift in Sources */,
			);
			runOnlyForDeploymentPostprocessing = 0;
		};
/* End PBXSourcesBuildPhase section */

/* Begin PBXVariantGroup section */
		3677EBAE2BEF4EC600A6D646 /* Main.storyboard */ = {
			isa = PBXVariantGroup;
			children = (
				3677EBAF2BEF4EC600A6D646 /* Base */,
			);
			name = Main.storyboard;
			sourceTree = "<group>";
		};
		3677EBB62BEF4EC900A6D646 /* LaunchScreen.storyboard */ = {
			isa = PBXVariantGroup;
			children = (
				3677EBB72BEF4EC900A6D646 /* Base */,
			);
			name = LaunchScreen.storyboard;
			sourceTree = "<group>";
		};
/* End PBXVariantGroup section */

/* Begin XCBuildConfiguration section */
		3677EBBA2BEF4EC900A6D646 /* Debug */ = {
			isa = XCBuildConfiguration;
			buildSettings = {
				ALWAYS_SEARCH_USER_PATHS = NO;
				ASSETCATALOG_COMPILER_GENERATE_SWIFT_ASSET_SYMBOL_EXTENSIONS = YES;
				CLANG_ANALYZER_NONNULL = YES;
				CLANG_ANALYZER_NUMBER_OBJECT_CONVERSION = YES_AGGRESSIVE;
				CLANG_CXX_LANGUAGE_STANDARD = "gnu++20";
				CLANG_ENABLE_MODULES = YES;
				CLANG_ENABLE_OBJC_ARC = YES;
				CLANG_ENABLE_OBJC_WEAK = YES;
				CLANG_WARN_BLOCK_CAPTURE_AUTORELEASING = YES;
				CLANG_WARN_BOOL_CONVERSION = YES;
				CLANG_WARN_COMMA = YES;
				CLANG_WARN_CONSTANT_CONVERSION = YES;
				CLANG_WARN_DEPRECATED_OBJC_IMPLEMENTATIONS = YES;
				CLANG_WARN_DIRECT_OBJC_ISA_USAGE = YES_ERROR;
				CLANG_WARN_DOCUMENTATION_COMMENTS = YES;
				CLANG_WARN_EMPTY_BODY = YES;
				CLANG_WARN_ENUM_CONVERSION = YES;
				CLANG_WARN_INFINITE_RECURSION = YES;
				CLANG_WARN_INT_CONVERSION = YES;
				CLANG_WARN_NON_LITERAL_NULL_CONVERSION = YES;
				CLANG_WARN_OBJC_IMPLICIT_RETAIN_SELF = YES;
				CLANG_WARN_OBJC_LITERAL_CONVERSION = YES;
				CLANG_WARN_OBJC_ROOT_CLASS = YES_ERROR;
				CLANG_WARN_QUOTED_INCLUDE_IN_FRAMEWORK_HEADER = YES;
				CLANG_WARN_RANGE_LOOP_ANALYSIS = YES;
				CLANG_WARN_STRICT_PROTOTYPES = YES;
				CLANG_WARN_SUSPICIOUS_MOVE = YES;
				CLANG_WARN_UNGUARDED_AVAILABILITY = YES_AGGRESSIVE;
				CLANG_WARN_UNREACHABLE_CODE = YES;
				CLANG_WARN__DUPLICATE_METHOD_MATCH = YES;
				COPY_PHASE_STRIP = NO;
				DEBUG_INFORMATION_FORMAT = dwarf;
				ENABLE_STRICT_OBJC_MSGSEND = YES;
				ENABLE_TESTABILITY = YES;
				ENABLE_USER_SCRIPT_SANDBOXING = YES;
				GCC_C_LANGUAGE_STANDARD = gnu17;
				GCC_DYNAMIC_NO_PIC = NO;
				GCC_NO_COMMON_BLOCKS = YES;
				GCC_OPTIMIZATION_LEVEL = 0;
				GCC_PREPROCESSOR_DEFINITIONS = (
					"DEBUG=1",
					"$(inherited)",
				);
				GCC_WARN_64_TO_32_BIT_CONVERSION = YES;
				GCC_WARN_ABOUT_RETURN_TYPE = YES_ERROR;
				GCC_WARN_UNDECLARED_SELECTOR = YES;
				GCC_WARN_UNINITIALIZED_AUTOS = YES_AGGRESSIVE;
				GCC_WARN_UNUSED_FUNCTION = YES;
				GCC_WARN_UNUSED_VARIABLE = YES;
				IPHONEOS_DEPLOYMENT_TARGET = 17.4;
				LOCALIZATION_PREFERS_STRING_CATALOGS = YES;
				MTL_ENABLE_DEBUG_INFO = INCLUDE_SOURCE;
				MTL_FAST_MATH = YES;
				ONLY_ACTIVE_ARCH = YES;
				SDKROOT = iphoneos;
				SWIFT_ACTIVE_COMPILATION_CONDITIONS = "DEBUG $(inherited)";
				SWIFT_OPTIMIZATION_LEVEL = "-Onone";
			};
			name = Debug;
		};
		3677EBBB2BEF4EC900A6D646 /* Release */ = {
			isa = XCBuildConfiguration;
			buildSettings = {
				ALWAYS_SEARCH_USER_PATHS = NO;
				ASSETCATALOG_COMPILER_GENERATE_SWIFT_ASSET_SYMBOL_EXTENSIONS = YES;
				CLANG_ANALYZER_NONNULL = YES;
				CLANG_ANALYZER_NUMBER_OBJECT_CONVERSION = YES_AGGRESSIVE;
				CLANG_CXX_LANGUAGE_STANDARD = "gnu++20";
				CLANG_ENABLE_MODULES = YES;
				CLANG_ENABLE_OBJC_ARC = YES;
				CLANG_ENABLE_OBJC_WEAK = YES;
				CLANG_WARN_BLOCK_CAPTURE_AUTORELEASING = YES;
				CLANG_WARN_BOOL_CONVERSION = YES;
				CLANG_WARN_COMMA = YES;
				CLANG_WARN_CONSTANT_CONVERSION = YES;
				CLANG_WARN_DEPRECATED_OBJC_IMPLEMENTATIONS = YES;
				CLANG_WARN_DIRECT_OBJC_ISA_USAGE = YES_ERROR;
				CLANG_WARN_DOCUMENTATION_COMMENTS = YES;
				CLANG_WARN_EMPTY_BODY = YES;
				CLANG_WARN_ENUM_CONVERSION = YES;
				CLANG_WARN_INFINITE_RECURSION = YES;
				CLANG_WARN_INT_CONVERSION = YES;
				CLANG_WARN_NON_LITERAL_NULL_CONVERSION = YES;
				CLANG_WARN_OBJC_IMPLICIT_RETAIN_SELF = YES;
				CLANG_WARN_OBJC_LITERAL_CONVERSION = YES;
				CLANG_WARN_OBJC_ROOT_CLASS = YES_ERROR;
				CLANG_WARN_QUOTED_INCLUDE_IN_FRAMEWORK_HEADER = YES;
				CLANG_WARN_RANGE_LOOP_ANALYSIS = YES;
				CLANG_WARN_STRICT_PROTOTYPES = YES;
				CLANG_WARN_SUSPICIOUS_MOVE = YES;
				CLANG_WARN_UNGUARDED_AVAILABILITY = YES_AGGRESSIVE;
				CLANG_WARN_UNREACHABLE_CODE = YES;
				CLANG_WARN__DUPLICATE_METHOD_MATCH = YES;
				COPY_PHASE_STRIP = NO;
				DEBUG_INFORMATION_FORMAT = "dwarf-with-dsym";
				ENABLE_NS_ASSERTIONS = NO;
				ENABLE_STRICT_OBJC_MSGSEND = YES;
				ENABLE_USER_SCRIPT_SANDBOXING = YES;
				GCC_C_LANGUAGE_STANDARD = gnu17;
				GCC_NO_COMMON_BLOCKS = YES;
				GCC_WARN_64_TO_32_BIT_CONVERSION = YES;
				GCC_WARN_ABOUT_RETURN_TYPE = YES_ERROR;
				GCC_WARN_UNDECLARED_SELECTOR = YES;
				GCC_WARN_UNINITIALIZED_AUTOS = YES_AGGRESSIVE;
				GCC_WARN_UNUSED_FUNCTION = YES;
				GCC_WARN_UNUSED_VARIABLE = YES;
				IPHONEOS_DEPLOYMENT_TARGET = 17.4;
				LOCALIZATION_PREFERS_STRING_CATALOGS = YES;
				MTL_ENABLE_DEBUG_INFO = NO;
				MTL_FAST_MATH = YES;
				SDKROOT = iphoneos;
				SWIFT_COMPILATION_MODE = wholemodule;
				VALIDATE_PRODUCT = YES;
			};
			name = Release;
		};
		3677EBBD2BEF4EC900A6D646 /* Debug */ = {
			isa = XCBuildConfiguration;
			buildSettings = {
				ASSETCATALOG_COMPILER_APPICON_NAME = AppIcon;
				ASSETCATALOG_COMPILER_GLOBAL_ACCENT_COLOR_NAME = AccentColor;
				CODE_SIGN_STYLE = Automatic;
				CURRENT_PROJECT_VERSION = 1;
				GENERATE_INFOPLIST_FILE = YES;
				INFOPLIST_FILE = "Nearby App/Info.plist";
				INFOPLIST_KEY_UIApplicationSupportsIndirectInputEvents = YES;
				INFOPLIST_KEY_UILaunchStoryboardName = LaunchScreen;
				INFOPLIST_KEY_UIMainStoryboardFile = Main;
				INFOPLIST_KEY_UISupportedInterfaceOrientations_iPad = "UIInterfaceOrientationPortrait UIInterfaceOrientationPortraitUpsideDown UIInterfaceOrientationLandscapeLeft UIInterfaceOrientationLandscapeRight";
				INFOPLIST_KEY_UISupportedInterfaceOrientations_iPhone = "UIInterfaceOrientationPortrait UIInterfaceOrientationLandscapeLeft UIInterfaceOrientationLandscapeRight";
				IPHONEOS_DEPLOYMENT_TARGET = 16.0;
				LD_RUNPATH_SEARCH_PATHS = (
					"$(inherited)",
					"@executable_path/Frameworks",
				);
				MARKETING_VERSION = 1.0;
				PRODUCT_BUNDLE_IDENTIFIER = "com.kpkcool.Nearby-App";
				PRODUCT_NAME = "$(TARGET_NAME)";
				SWIFT_EMIT_LOC_STRINGS = YES;
				SWIFT_VERSION = 5.0;
				TARGETED_DEVICE_FAMILY = "1,2";
			};
			name = Debug;
		};
		3677EBBE2BEF4EC900A6D646 /* Release */ = {
			isa = XCBuildConfiguration;
			buildSettings = {
				ASSETCATALOG_COMPILER_APPICON_NAME = AppIcon;
				ASSETCATALOG_COMPILER_GLOBAL_ACCENT_COLOR_NAME = AccentColor;
				CODE_SIGN_STYLE = Automatic;
				CURRENT_PROJECT_VERSION = 1;
				GENERATE_INFOPLIST_FILE = YES;
				INFOPLIST_FILE = "Nearby App/Info.plist";
				INFOPLIST_KEY_UIApplicationSupportsIndirectInputEvents = YES;
				INFOPLIST_KEY_UILaunchStoryboardName = LaunchScreen;
				INFOPLIST_KEY_UIMainStoryboardFile = Main;
				INFOPLIST_KEY_UISupportedInterfaceOrientations_iPad = "UIInterfaceOrientationPortrait UIInterfaceOrientationPortraitUpsideDown UIInterfaceOrientationLandscapeLeft UIInterfaceOrientationLandscapeRight";
				INFOPLIST_KEY_UISupportedInterfaceOrientations_iPhone = "UIInterfaceOrientationPortrait UIInterfaceOrientationLandscapeLeft UIInterfaceOrientationLandscapeRight";
				IPHONEOS_DEPLOYMENT_TARGET = 16.0;
				LD_RUNPATH_SEARCH_PATHS = (
					"$(inherited)",
					"@executable_path/Frameworks",
				);
				MARKETING_VERSION = 1.0;
				PRODUCT_BUNDLE_IDENTIFIER = "com.kpkcool.Nearby-App";
				PRODUCT_NAME = "$(TARGET_NAME)";
				SWIFT_EMIT_LOC_STRINGS = YES;
				SWIFT_VERSION = 5.0;
				TARGETED_DEVICE_FAMILY = "1,2";
			};
			name = Release;
		};
/* End XCBuildConfiguration section */

/* Begin XCConfigurationList section */
		3677EBA02BEF4EC600A6D646 /* Build configuration list for PBXProject "Nearby App" */ = {
			isa = XCConfigurationList;
			buildConfigurations = (
				3677EBBA2BEF4EC900A6D646 /* Debug */,
				3677EBBB2BEF4EC900A6D646 /* Release */,
			);
			defaultConfigurationIsVisible = 0;
			defaultConfigurationName = Release;
		};
		3677EBBC2BEF4EC900A6D646 /* Build configuration list for PBXNativeTarget "Nearby App" */ = {
			isa = XCConfigurationList;
			buildConfigurations = (
				3677EBBD2BEF4EC900A6D646 /* Debug */,
				3677EBBE2BEF4EC900A6D646 /* Release */,
			);
			defaultConfigurationIsVisible = 0;
			defaultConfigurationName = Release;
		};
/* End XCConfigurationList section */

/* Begin XCVersionGroup section */
		3677EBB12BEF4EC600A6D646 /* Nearby_App.xcdatamodeld */ = {
			isa = XCVersionGroup;
			children = (
				3677EBB22BEF4EC600A6D646 /* Nearby_App.xcdatamodel */,
			);
			currentVersion = 3677EBB22BEF4EC600A6D646 /* Nearby_App.xcdatamodel */;
			path = Nearby_App.xcdatamodeld;
			sourceTree = "<group>";
			versionGroupType = wrapper.xcdatamodel;
		};
/* End XCVersionGroup section */
	};
	rootObject = 3677EB9D2BEF4EC600A6D646 /* Project object */;
}
